
Microsoft Visual Studio Solution File, Format Version 12.00
# Visual Studio Version 16
VisualStudioVersion = 16.0.28803.452
MinimumVisualStudioVersion = 10.0.40219.1
Project("{9A19103F-16F7-4668-BE54-9A1E7A4F7556}") = "Demo.OAuthServer", "Demo.OAuthServer\Demo.OAuthServer.csproj", "{4E52D9EC-BB93-4406-9878-9CBACE3525A0}"
EndProject
Project("{9A19103F-16F7-4668-BE54-9A1E7A4F7556}") = "Demo.Infrastructure", "Demo.Infrastructure\Demo.Infrastructure.csproj", "{2BB4B196-2A7A-4484-848C-9DE73596EDA3}"
EndProject
Project("{9A19103F-16F7-4668-BE54-9A1E7A4F7556}") = "Demo.HttpResilience", "Demo.HttpResilience\Demo.HttpResilience.csproj", "{1D5FCDE3-7B7B-4392-B30F-B99802EB5606}"
EndProject
Project("{2150E333-8FDC-42A3-9474-1A3956D46DE8}") = "Infrastructure", "Infrastructure", "{C961C10C-4B92-413A-8937-1B88CBC04511}"
EndProject
Project("{2150E333-8FDC-42A3-9474-1A3956D46DE8}") = "Identity", "Identity", "{43D75E75-EA6B-491B-A473-D7F87965E19B}"
EndProject
Project("{9A19103F-16F7-4668-BE54-9A1E7A4F7556}") = "Demo.Excel", "Demo.Excel\Demo.Excel.csproj", "{161E1977-D920-42A8-B04A-528A4AD2618D}"
EndProject
Project("{9A19103F-16F7-4668-BE54-9A1E7A4F7556}") = "Demo.File", "Demo.File\Demo.File.csproj", "{85C37010-360F-45DE-AC8B-68CA159B3C14}"
EndProject
Project("{9A19103F-16F7-4668-BE54-9A1E7A4F7556}") = "Demo.DistributedCache", "Demo.DistributedCache\Demo.DistributedCache.csproj", "{EC89B61E-36CE-4970-8258-FF216321297E}"
EndProject
Project("{2150E333-8FDC-42A3-9474-1A3956D46DE8}") = "ApiGateway", "ApiGateway", "{B42944D9-C375-4494-B900-AD1A7A261A58}"
EndProject
Project("{9A19103F-16F7-4668-BE54-9A1E7A4F7556}") = "Demo.API.Gateway", "Demo.API.Gateway\Demo.API.Gateway.csproj", "{5EC2A72A-4CDB-4CAB-836A-78BA1C58254E}"
EndProject
Project("{2150E333-8FDC-42A3-9474-1A3956D46DE8}") = "Services", "Services", "{D9CCC2A2-60A4-43BD-B40C-E30CED2DA42C}"
EndProject
Project("{9A19103F-16F7-4668-BE54-9A1E7A4F7556}") = "Demo.Common", "Demo.Common\Demo.Common.csproj", "{BECAD117-5B44-4B73-933B-E84D9995EF0C}"
EndProject
Project("{9A19103F-16F7-4668-BE54-9A1E7A4F7556}") = "Demo.EventBus", "Demo.EventBus\Demo.EventBus.csproj", "{73161CA8-D008-4EEC-88EC-A65E6B5A04BE}"
EndProject
Project("{9A19103F-16F7-4668-BE54-9A1E7A4F7556}") = "Demo.ProductService", "Demo.ProductService\Demo.ProductService.csproj", "{66372726-0EBE-47A9-8D0B-301B9EFB459F}"
EndProject
Project("{9A19103F-16F7-4668-BE54-9A1E7A4F7556}") = "Demo.NotificationService", "Demo.NotificationService\Demo.NotificationService.csproj", "{2818083A-5398-4820-872A-D38B7A3ACB65}"
EndProject
Project("{A07B5EB6-E848-4116-A8D0-A826331D98C6}") = "Microservices.DemoApplication", "Microservices.DemoApplication\Microservices.DemoApplication.sfproj", "{2CAE98FE-D87C-4A27-8D9F-926B2EE6C41B}"
EndProject
Project("{FAE04EC0-301F-11D3-BF4B-00C04F79EFBC}") = "Demo.WorkerService", "Demo.WorkerService\Demo.WorkerService.csproj", "{20C77621-D49A-4B41-A6D1-73A5E0359A31}"
EndProject
Global
	GlobalSection(SolutionConfigurationPlatforms) = preSolution
		Debug|Any CPU = Debug|Any CPU
		Debug|x64 = Debug|x64
		Release|Any CPU = Release|Any CPU
		Release|x64 = Release|x64
	EndGlobalSection
	GlobalSection(ProjectConfigurationPlatforms) = postSolution
		{4E52D9EC-BB93-4406-9878-9CBACE3525A0}.Debug|Any CPU.ActiveCfg = Debug|Any CPU
		{4E52D9EC-BB93-4406-9878-9CBACE3525A0}.Debug|Any CPU.Build.0 = Debug|Any CPU
		{4E52D9EC-BB93-4406-9878-9CBACE3525A0}.Debug|x64.ActiveCfg = Debug|Any CPU
		{4E52D9EC-BB93-4406-9878-9CBACE3525A0}.Debug|x64.Build.0 = Debug|Any CPU
		{4E52D9EC-BB93-4406-9878-9CBACE3525A0}.Release|Any CPU.ActiveCfg = Release|Any CPU
		{4E52D9EC-BB93-4406-9878-9CBACE3525A0}.Release|Any CPU.Build.0 = Release|Any CPU
		{4E52D9EC-BB93-4406-9878-9CBACE3525A0}.Release|x64.ActiveCfg = Release|Any CPU
		{4E52D9EC-BB93-4406-9878-9CBACE3525A0}.Release|x64.Build.0 = Release|Any CPU
		{2BB4B196-2A7A-4484-848C-9DE73596EDA3}.Debug|Any CPU.ActiveCfg = Debug|Any CPU
		{2BB4B196-2A7A-4484-848C-9DE73596EDA3}.Debug|Any CPU.Build.0 = Debug|Any CPU
		{2BB4B196-2A7A-4484-848C-9DE73596EDA3}.Debug|x64.ActiveCfg = Debug|Any CPU
		{2BB4B196-2A7A-4484-848C-9DE73596EDA3}.Debug|x64.Build.0 = Debug|Any CPU
		{2BB4B196-2A7A-4484-848C-9DE73596EDA3}.Release|Any CPU.ActiveCfg = Release|Any CPU
		{2BB4B196-2A7A-4484-848C-9DE73596EDA3}.Release|Any CPU.Build.0 = Release|Any CPU
		{2BB4B196-2A7A-4484-848C-9DE73596EDA3}.Release|x64.ActiveCfg = Release|Any CPU
		{2BB4B196-2A7A-4484-848C-9DE73596EDA3}.Release|x64.Build.0 = Release|Any CPU
		{1D5FCDE3-7B7B-4392-B30F-B99802EB5606}.Debug|Any CPU.ActiveCfg = Debug|Any CPU
		{1D5FCDE3-7B7B-4392-B30F-B99802EB5606}.Debug|Any CPU.Build.0 = Debug|Any CPU
		{1D5FCDE3-7B7B-4392-B30F-B99802EB5606}.Debug|x64.ActiveCfg = Debug|Any CPU
		{1D5FCDE3-7B7B-4392-B30F-B99802EB5606}.Debug|x64.Build.0 = Debug|Any CPU
		{1D5FCDE3-7B7B-4392-B30F-B99802EB5606}.Release|Any CPU.ActiveCfg = Release|Any CPU
		{1D5FCDE3-7B7B-4392-B30F-B99802EB5606}.Release|Any CPU.Build.0 = Release|Any CPU
		{1D5FCDE3-7B7B-4392-B30F-B99802EB5606}.Release|x64.ActiveCfg = Release|Any CPU
		{1D5FCDE3-7B7B-4392-B30F-B99802EB5606}.Release|x64.Build.0 = Release|Any CPU
		{161E1977-D920-42A8-B04A-528A4AD2618D}.Debug|Any CPU.ActiveCfg = Debug|Any CPU
		{161E1977-D920-42A8-B04A-528A4AD2618D}.Debug|Any CPU.Build.0 = Debug|Any CPU
		{161E1977-D920-42A8-B04A-528A4AD2618D}.Debug|x64.ActiveCfg = Debug|Any CPU
		{161E1977-D920-42A8-B04A-528A4AD2618D}.Debug|x64.Build.0 = Debug|Any CPU
		{161E1977-D920-42A8-B04A-528A4AD2618D}.Release|Any CPU.ActiveCfg = Release|Any CPU
		{161E1977-D920-42A8-B04A-528A4AD2618D}.Release|Any CPU.Build.0 = Release|Any CPU
		{161E1977-D920-42A8-B04A-528A4AD2618D}.Release|x64.ActiveCfg = Release|Any CPU
		{161E1977-D920-42A8-B04A-528A4AD2618D}.Release|x64.Build.0 = Release|Any CPU
		{85C37010-360F-45DE-AC8B-68CA159B3C14}.Debug|Any CPU.ActiveCfg = Debug|Any CPU
		{85C37010-360F-45DE-AC8B-68CA159B3C14}.Debug|Any CPU.Build.0 = Debug|Any CPU
		{85C37010-360F-45DE-AC8B-68CA159B3C14}.Debug|x64.ActiveCfg = Debug|Any CPU
		{85C37010-360F-45DE-AC8B-68CA159B3C14}.Debug|x64.Build.0 = Debug|Any CPU
		{85C37010-360F-45DE-AC8B-68CA159B3C14}.Release|Any CPU.ActiveCfg = Release|Any CPU
		{85C37010-360F-45DE-AC8B-68CA159B3C14}.Release|Any CPU.Build.0 = Release|Any CPU
		{85C37010-360F-45DE-AC8B-68CA159B3C14}.Release|x64.ActiveCfg = Release|Any CPU
		{85C37010-360F-45DE-AC8B-68CA159B3C14}.Release|x64.Build.0 = Release|Any CPU
		{EC89B61E-36CE-4970-8258-FF216321297E}.Debug|Any CPU.ActiveCfg = Debug|Any CPU
		{EC89B61E-36CE-4970-8258-FF216321297E}.Debug|Any CPU.Build.0 = Debug|Any CPU
		{EC89B61E-36CE-4970-8258-FF216321297E}.Debug|x64.ActiveCfg = Debug|Any CPU
		{EC89B61E-36CE-4970-8258-FF216321297E}.Debug|x64.Build.0 = Debug|Any CPU
		{EC89B61E-36CE-4970-8258-FF216321297E}.Release|Any CPU.ActiveCfg = Release|Any CPU
		{EC89B61E-36CE-4970-8258-FF216321297E}.Release|Any CPU.Build.0 = Release|Any CPU
		{EC89B61E-36CE-4970-8258-FF216321297E}.Release|x64.ActiveCfg = Release|Any CPU
		{EC89B61E-36CE-4970-8258-FF216321297E}.Release|x64.Build.0 = Release|Any CPU
		{5EC2A72A-4CDB-4CAB-836A-78BA1C58254E}.Debug|Any CPU.ActiveCfg = Debug|Any CPU
		{5EC2A72A-4CDB-4CAB-836A-78BA1C58254E}.Debug|Any CPU.Build.0 = Debug|Any CPU
		{5EC2A72A-4CDB-4CAB-836A-78BA1C58254E}.Debug|x64.ActiveCfg = Debug|Any CPU
		{5EC2A72A-4CDB-4CAB-836A-78BA1C58254E}.Debug|x64.Build.0 = Debug|Any CPU
		{5EC2A72A-4CDB-4CAB-836A-78BA1C58254E}.Release|Any CPU.ActiveCfg = Release|Any CPU
		{5EC2A72A-4CDB-4CAB-836A-78BA1C58254E}.Release|Any CPU.Build.0 = Release|Any CPU
		{5EC2A72A-4CDB-4CAB-836A-78BA1C58254E}.Release|x64.ActiveCfg = Release|Any CPU
		{5EC2A72A-4CDB-4CAB-836A-78BA1C58254E}.Release|x64.Build.0 = Release|Any CPU
		{BECAD117-5B44-4B73-933B-E84D9995EF0C}.Debug|Any CPU.ActiveCfg = Debug|Any CPU
		{BECAD117-5B44-4B73-933B-E84D9995EF0C}.Debug|Any CPU.Build.0 = Debug|Any CPU
		{BECAD117-5B44-4B73-933B-E84D9995EF0C}.Debug|x64.ActiveCfg = Debug|Any CPU
		{BECAD117-5B44-4B73-933B-E84D9995EF0C}.Debug|x64.Build.0 = Debug|Any CPU
		{BECAD117-5B44-4B73-933B-E84D9995EF0C}.Release|Any CPU.ActiveCfg = Release|Any CPU
		{BECAD117-5B44-4B73-933B-E84D9995EF0C}.Release|Any CPU.Build.0 = Release|Any CPU
		{BECAD117-5B44-4B73-933B-E84D9995EF0C}.Release|x64.ActiveCfg = Release|Any CPU
		{BECAD117-5B44-4B73-933B-E84D9995EF0C}.Release|x64.Build.0 = Release|Any CPU
		{73161CA8-D008-4EEC-88EC-A65E6B5A04BE}.Debug|Any CPU.ActiveCfg = Debug|Any CPU
		{73161CA8-D008-4EEC-88EC-A65E6B5A04BE}.Debug|Any CPU.Build.0 = Debug|Any CPU
		{73161CA8-D008-4EEC-88EC-A65E6B5A04BE}.Debug|x64.ActiveCfg = Debug|Any CPU
		{73161CA8-D008-4EEC-88EC-A65E6B5A04BE}.Debug|x64.Build.0 = Debug|Any CPU
		{73161CA8-D008-4EEC-88EC-A65E6B5A04BE}.Release|Any CPU.ActiveCfg = Release|Any CPU
		{73161CA8-D008-4EEC-88EC-A65E6B5A04BE}.Release|Any CPU.Build.0 = Release|Any CPU
		{73161CA8-D008-4EEC-88EC-A65E6B5A04BE}.Release|x64.ActiveCfg = Release|Any CPU
		{73161CA8-D008-4EEC-88EC-A65E6B5A04BE}.Release|x64.Build.0 = Release|Any CPU
		{66372726-0EBE-47A9-8D0B-301B9EFB459F}.Debug|Any CPU.ActiveCfg = Debug|Any CPU
		{66372726-0EBE-47A9-8D0B-301B9EFB459F}.Debug|Any CPU.Build.0 = Debug|Any CPU
		{66372726-0EBE-47A9-8D0B-301B9EFB459F}.Debug|x64.ActiveCfg = Debug|Any CPU
		{66372726-0EBE-47A9-8D0B-301B9EFB459F}.Debug|x64.Build.0 = Debug|Any CPU
		{66372726-0EBE-47A9-8D0B-301B9EFB459F}.Release|Any CPU.ActiveCfg = Release|Any CPU
		{66372726-0EBE-47A9-8D0B-301B9EFB459F}.Release|Any CPU.Build.0 = Release|Any CPU
		{66372726-0EBE-47A9-8D0B-301B9EFB459F}.Release|x64.ActiveCfg = Release|Any CPU
		{66372726-0EBE-47A9-8D0B-301B9EFB459F}.Release|x64.Build.0 = Release|Any CPU
		{2818083A-5398-4820-872A-D38B7A3ACB65}.Debug|Any CPU.ActiveCfg = Debug|Any CPU
		{2818083A-5398-4820-872A-D38B7A3ACB65}.Debug|Any CPU.Build.0 = Debug|Any CPU
		{2818083A-5398-4820-872A-D38B7A3ACB65}.Debug|x64.ActiveCfg = Debug|Any CPU
		{2818083A-5398-4820-872A-D38B7A3ACB65}.Debug|x64.Build.0 = Debug|Any CPU
		{2818083A-5398-4820-872A-D38B7A3ACB65}.Release|Any CPU.ActiveCfg = Release|Any CPU
		{2818083A-5398-4820-872A-D38B7A3ACB65}.Release|Any CPU.Build.0 = Release|Any CPU
		{2818083A-5398-4820-872A-D38B7A3ACB65}.Release|x64.ActiveCfg = Release|Any CPU
		{2818083A-5398-4820-872A-D38B7A3ACB65}.Release|x64.Build.0 = Release|Any CPU
		{2CAE98FE-D87C-4A27-8D9F-926B2EE6C41B}.Debug|Any CPU.ActiveCfg = Debug|x64
		{2CAE98FE-D87C-4A27-8D9F-926B2EE6C41B}.Debug|x64.ActiveCfg = Debug|x64
		{2CAE98FE-D87C-4A27-8D9F-926B2EE6C41B}.Debug|x64.Build.0 = Debug|x64
		{2CAE98FE-D87C-4A27-8D9F-926B2EE6C41B}.Debug|x64.Deploy.0 = Debug|x64
		{2CAE98FE-D87C-4A27-8D9F-926B2EE6C41B}.Release|Any CPU.ActiveCfg = Release|x64
		{2CAE98FE-D87C-4A27-8D9F-926B2EE6C41B}.Release|x64.ActiveCfg = Release|x64
		{2CAE98FE-D87C-4A27-8D9F-926B2EE6C41B}.Release|x64.Build.0 = Release|x64
		{2CAE98FE-D87C-4A27-8D9F-926B2EE6C41B}.Release|x64.Deploy.0 = Release|x64
		{20C77621-D49A-4B41-A6D1-73A5E0359A31}.Debug|Any CPU.ActiveCfg = Debug|Any CPU
		{20C77621-D49A-4B41-A6D1-73A5E0359A31}.Debug|Any CPU.Build.0 = Debug|Any CPU
		{20C77621-D49A-4B41-A6D1-73A5E0359A31}.Debug|x64.ActiveCfg = Debug|Any CPU
		{20C77621-D49A-4B41-A6D1-73A5E0359A31}.Debug|x64.Build.0 = Debug|Any CPU
		{20C77621-D49A-4B41-A6D1-73A5E0359A31}.Release|Any CPU.ActiveCfg = Release|Any CPU
		{20C77621-D49A-4B41-A6D1-73A5E0359A31}.Release|Any CPU.Build.0 = Release|Any CPU
		{20C77621-D49A-4B41-A6D1-73A5E0359A31}.Release|x64.ActiveCfg = Release|Any CPU
		{20C77621-D49A-4B41-A6D1-73A5E0359A31}.Release|x64.Build.0 = Release|Any CPU
	EndGlobalSection
	GlobalSection(SolutionProperties) = preSolution
		HideSolutionNode = FALSE
	EndGlobalSection
	GlobalSection(NestedProjects) = preSolution
		{4E52D9EC-BB93-4406-9878-9CBACE3525A0} = {43D75E75-EA6B-491B-A473-D7F87965E19B}
		{2BB4B196-2A7A-4484-848C-9DE73596EDA3} = {C961C10C-4B92-413A-8937-1B88CBC04511}
		{1D5FCDE3-7B7B-4392-B30F-B99802EB5606} = {C961C10C-4B92-413A-8937-1B88CBC04511}
		{161E1977-D920-42A8-B04A-528A4AD2618D} = {C961C10C-4B92-413A-8937-1B88CBC04511}
		{85C37010-360F-45DE-AC8B-68CA159B3C14} = {C961C10C-4B92-413A-8937-1B88CBC04511}
		{EC89B61E-36CE-4970-8258-FF216321297E} = {C961C10C-4B92-413A-8937-1B88CBC04511}
		{5EC2A72A-4CDB-4CAB-836A-78BA1C58254E} = {B42944D9-C375-4494-B900-AD1A7A261A58}
		{BECAD117-5B44-4B73-933B-E84D9995EF0C} = {C961C10C-4B92-413A-8937-1B88CBC04511}
		{73161CA8-D008-4EEC-88EC-A65E6B5A04BE} = {C961C10C-4B92-413A-8937-1B88CBC04511}
		{66372726-0EBE-47A9-8D0B-301B9EFB459F} = {D9CCC2A2-60A4-43BD-B40C-E30CED2DA42C}
		{2818083A-5398-4820-872A-D38B7A3ACB65} = {D9CCC2A2-60A4-43BD-B40C-E30CED2DA42C}
		{20C77621-D49A-4B41-A6D1-73A5E0359A31} = {D9CCC2A2-60A4-43BD-B40C-E30CED2DA42C}
	EndGlobalSection
	GlobalSection(ExtensibilityGlobals) = postSolution
		SolutionGuid = {FCC9EBB3-1F22-4FFF-BF21-BF464CDF6C40}
	EndGlobalSection
EndGlobal
